
Microsoft Visual Studio Solution File, Format Version 12.00
# Visual Studio Version 17
VisualStudioVersion = 17.0.31903.59
MinimumVisualStudioVersion = 10.0.40219.1
Project("{2150E333-8FDC-42A3-9474-1A3956D46DE8}") = "src", "src", "{827E0CD3-B72D-47B6-A68D-7590B98EB39B}"
EndProject
Project("{FAE04EC0-301F-11D3-BF4B-00C04F79EFBC}") = "Summa.Fiscal.Api", "src\Summa.Fiscal.Api\Summa.Fiscal.Api.csproj", "{A0F2086D-2601-4747-830B-F42D85FF1467}"
EndProject
Project("{FAE04EC0-301F-11D3-BF4B-00C04F79EFBC}") = "Summa.Fiscal.Application", "src\Summa.Fiscal.Application\Summa.Fiscal.Application.csproj", "{C27E1A58-6EE2-4553-99AD-B0C28FFEFFB6}"
EndProject
Project("{FAE04EC0-301F-11D3-BF4B-00C04F79EFBC}") = "Summa.Fiscal.Domain", "src\Summa.Fiscal.Domain\Summa.Fiscal.Domain.csproj", "{95EFCD19-13F2-44DE-9868-84819B461C20}"
EndProject
Project("{FAE04EC0-301F-11D3-BF4B-00C04F79EFBC}") = "Summa.Fiscal.Infrastructure", "src\Summa.Fiscal.Infrastructure\Summa.Fiscal.Infrastructure.csproj", "{4E914DD1-6540-4458-B0E9-94C31F4962BE}"
EndProject
Project("{FAE04EC0-301F-11D3-BF4B-00C04F79EFBC}") = "Summa.Fiscal.Persistence", "src\Summa.Fiscal.Persistence\Summa.Fiscal.Persistence.csproj", "{22C418CD-35C6-4063-90B1-BDFD6B3B5942}"
EndProject
Project("{FAE04EC0-301F-11D3-BF4B-00C04F79EFBC}") = "Summa.Fiscal.Worker", "src\Summa.Fiscal.Worker\Summa.Fiscal.Worker.csproj", "{E1BDF948-29F3-41C7-B79E-159C23DFF1C0}"
EndProject
Project("{2150E333-8FDC-42A3-9474-1A3956D46DE8}") = "tests", "tests", "{0AB3BF05-4346-4AA6-1389-037BE0695223}"
EndProject
Project("{FAE04EC0-301F-11D3-BF4B-00C04F79EFBC}") = "Summa.Fiscal.UnitTests", "tests\Summa.Fiscal.UnitTests\Summa.Fiscal.UnitTests.csproj", "{9590A4E3-C0AE-4430-B66B-1671A0F8B20E}"
EndProject
Project("{FAE04EC0-301F-11D3-BF4B-00C04F79EFBC}") = "Summa.Fiscal.IntegrationTests", "tests\Summa.Fiscal.IntegrationTests\Summa.Fiscal.IntegrationTests.csproj", "{D3878ABC-72F5-4B23-84B7-7F4BD9EDB85A}"
EndProject
Project("{FAE04EC0-301F-11D3-BF4B-00C04F79EFBC}") = "Summa.Fiscal.ContractChecks", "tests\Summa.Fiscal.ContractChecks\Summa.Fiscal.ContractChecks.csproj", "{C79E4556-7915-479A-90ED-2CE1E79D42A0}"
EndProject
Global
	GlobalSection(SolutionConfigurationPlatforms) = preSolution
		Debug|Any CPU = Debug|Any CPU
		Debug|x64 = Debug|x64
		Debug|x86 = Debug|x86
		Release|Any CPU = Release|Any CPU
		Release|x64 = Release|x64
		Release|x86 = Release|x86
	EndGlobalSection
	GlobalSection(ProjectConfigurationPlatforms) = postSolution
		{A0F2086D-2601-4747-830B-F42D85FF1467}.Debug|Any CPU.ActiveCfg = Debug|Any CPU
		{A0F2086D-2601-4747-830B-F42D85FF1467}.Debug|Any CPU.Build.0 = Debug|Any CPU
		{A0F2086D-2601-4747-830B-F42D85FF1467}.Debug|x64.ActiveCfg = Debug|Any CPU
		{A0F2086D-2601-4747-830B-F42D85FF1467}.Debug|x64.Build.0 = Debug|Any CPU
		{A0F2086D-2601-4747-830B-F42D85FF1467}.Debug|x86.ActiveCfg = Debug|Any CPU
		{A0F2086D-2601-4747-830B-F42D85FF1467}.Debug|x86.Build.0 = Debug|Any CPU
		{A0F2086D-2601-4747-830B-F42D85FF1467}.Release|Any CPU.ActiveCfg = Release|Any CPU
		{A0F2086D-2601-4747-830B-F42D85FF1467}.Release|Any CPU.Build.0 = Release|Any CPU
		{A0F2086D-2601-4747-830B-F42D85FF1467}.Release|x64.ActiveCfg = Release|Any CPU
		{A0F2086D-2601-4747-830B-F42D85FF1467}.Release|x64.Build.0 = Release|Any CPU
		{A0F2086D-2601-4747-830B-F42D85FF1467}.Release|x86.ActiveCfg = Release|Any CPU
		{A0F2086D-2601-4747-830B-F42D85FF1467}.Release|x86.Build.0 = Release|Any CPU
		{C27E1A58-6EE2-4553-99AD-B0C28FFEFFB6}.Debug|Any CPU.ActiveCfg = Debug|Any CPU
		{C27E1A58-6EE2-4553-99AD-B0C28FFEFFB6}.Debug|Any CPU.Build.0 = Debug|Any CPU
		{C27E1A58-6EE2-4553-99AD-B0C28FFEFFB6}.Debug|x64.ActiveCfg = Debug|Any CPU
		{C27E1A58-6EE2-4553-99AD-B0C28FFEFFB6}.Debug|x64.Build.0 = Debug|Any CPU
		{C27E1A58-6EE2-4553-99AD-B0C28FFEFFB6}.Debug|x86.ActiveCfg = Debug|Any CPU
		{C27E1A58-6EE2-4553-99AD-B0C28FFEFFB6}.Debug|x86.Build.0 = Debug|Any CPU
		{C27E1A58-6EE2-4553-99AD-B0C28FFEFFB6}.Release|Any CPU.ActiveCfg = Release|Any CPU
		{C27E1A58-6EE2-4553-99AD-B0C28FFEFFB6}.Release|Any CPU.Build.0 = Release|Any CPU
		{C27E1A58-6EE2-4553-99AD-B0C28FFEFFB6}.Release|x64.ActiveCfg = Release|Any CPU
		{C27E1A58-6EE2-4553-99AD-B0C28FFEFFB6}.Release|x64.Build.0 = Release|Any CPU
		{C27E1A58-6EE2-4553-99AD-B0C28FFEFFB6}.Release|x86.ActiveCfg = Release|Any CPU
		{C27E1A58-6EE2-4553-99AD-B0C28FFEFFB6}.Release|x86.Build.0 = Release|Any CPU
		{95EFCD19-13F2-44DE-9868-84819B461C20}.Debug|Any CPU.ActiveCfg = Debug|Any CPU
		{95EFCD19-13F2-44DE-9868-84819B461C20}.Debug|Any CPU.Build.0 = Debug|Any CPU
		{95EFCD19-13F2-44DE-9868-84819B461C20}.Debug|x64.ActiveCfg = Debug|Any CPU
		{95EFCD19-13F2-44DE-9868-84819B461C20}.Debug|x64.Build.0 = Debug|Any CPU
		{95EFCD19-13F2-44DE-9868-84819B461C20}.Debug|x86.ActiveCfg = Debug|Any CPU
		{95EFCD19-13F2-44DE-9868-84819B461C20}.Debug|x86.Build.0 = Debug|Any CPU
		{95EFCD19-13F2-44DE-9868-84819B461C20}.Release|Any CPU.ActiveCfg = Release|Any CPU
		{95EFCD19-13F2-44DE-9868-84819B461C20}.Release|Any CPU.Build.0 = Release|Any CPU
		{95EFCD19-13F2-44DE-9868-84819B461C20}.Release|x64.ActiveCfg = Release|Any CPU
		{95EFCD19-13F2-44DE-9868-84819B461C20}.Release|x64.Build.0 = Release|Any CPU
		{95EFCD19-13F2-44DE-9868-84819B461C20}.Release|x86.ActiveCfg = Release|Any CPU
		{95EFCD19-13F2-44DE-9868-84819B461C20}.Release|x86.Build.0 = Release|Any CPU
		{4E914DD1-6540-4458-B0E9-94C31F4962BE}.Debug|Any CPU.ActiveCfg = Debug|Any CPU
		{4E914DD1-6540-4458-B0E9-94C31F4962BE}.Debug|Any CPU.Build.0 = Debug|Any CPU
		{4E914DD1-6540-4458-B0E9-94C31F4962BE}.Debug|x64.ActiveCfg = Debug|Any CPU
		{4E914DD1-6540-4458-B0E9-94C31F4962BE}.Debug|x64.Build.0 = Debug|Any CPU
		{4E914DD1-6540-4458-B0E9-94C31F4962BE}.Debug|x86.ActiveCfg = Debug|Any CPU
		{4E914DD1-6540-4458-B0E9-94C31F4962BE}.Debug|x86.Build.0 = Debug|Any CPU
		{4E914DD1-6540-4458-B0E9-94C31F4962BE}.Release|Any CPU.ActiveCfg = Release|Any CPU
		{4E914DD1-6540-4458-B0E9-94C31F4962BE}.Release|Any CPU.Build.0 = Release|Any CPU
		{4E914DD1-6540-4458-B0E9-94C31F4962BE}.Release|x64.ActiveCfg = Release|Any CPU
		{4E914DD1-6540-4458-B0E9-94C31F4962BE}.Release|x64.Build.0 = Release|Any CPU
		{4E914DD1-6540-4458-B0E9-94C31F4962BE}.Release|x86.ActiveCfg = Release|Any CPU
		{4E914DD1-6540-4458-B0E9-94C31F4962BE}.Release|x86.Build.0 = Release|Any CPU
		{22C418CD-35C6-4063-90B1-BDFD6B3B5942}.Debug|Any CPU.ActiveCfg = Debug|Any CPU
		{22C418CD-35C6-4063-90B1-BDFD6B3B5942}.Debug|Any CPU.Build.0 = Debug|Any CPU
		{22C418CD-35C6-4063-90B1-BDFD6B3B5942}.Debug|x64.ActiveCfg = Debug|Any CPU
		{22C418CD-35C6-4063-90B1-BDFD6B3B5942}.Debug|x64.Build.0 = Debug|Any CPU
		{22C418CD-35C6-4063-90B1-BDFD6B3B5942}.Debug|x86.ActiveCfg = Debug|Any CPU
		{22C418CD-35C6-4063-90B1-BDFD6B3B5942}.Debug|x86.Build.0 = Debug|Any CPU
		{22C418CD-35C6-4063-90B1-BDFD6B3B5942}.Release|Any CPU.ActiveCfg = Release|Any CPU
		{22C418CD-35C6-4063-90B1-BDFD6B3B5942}.Release|Any CPU.Build.0 = Release|Any CPU
		{22C418CD-35C6-4063-90B1-BDFD6B3B5942}.Release|x64.ActiveCfg = Release|Any CPU
		{22C418CD-35C6-4063-90B1-BDFD6B3B5942}.Release|x64.Build.0 = Release|Any CPU
		{22C418CD-35C6-4063-90B1-BDFD6B3B5942}.Release|x86.ActiveCfg = Release|Any CPU
		{22C418CD-35C6-4063-90B1-BDFD6B3B5942}.Release|x86.Build.0 = Release|Any CPU
		{E1BDF948-29F3-41C7-B79E-159C23DFF1C0}.Debug|Any CPU.ActiveCfg = Debug|Any CPU
		{E1BDF948-29F3-41C7-B79E-159C23DFF1C0}.Debug|Any CPU.Build.0 = Debug|Any CPU
		{E1BDF948-29F3-41C7-B79E-159C23DFF1C0}.Debug|x64.ActiveCfg = Debug|Any CPU
		{E1BDF948-29F3-41C7-B79E-159C23DFF1C0}.Debug|x64.Build.0 = Debug|Any CPU
		{E1BDF948-29F3-41C7-B79E-159C23DFF1C0}.Debug|x86.ActiveCfg = Debug|Any CPU
		{E1BDF948-29F3-41C7-B79E-159C23DFF1C0}.Debug|x86.Build.0 = Debug|Any CPU
		{E1BDF948-29F3-41C7-B79E-159C23DFF1C0}.Release|Any CPU.ActiveCfg = Release|Any CPU
		{E1BDF948-29F3-41C7-B79E-159C23DFF1C0}.Release|Any CPU.Build.0 = Release|Any CPU
		{E1BDF948-29F3-41C7-B79E-159C23DFF1C0}.Release|x64.ActiveCfg = Release|Any CPU
		{E1BDF948-29F3-41C7-B79E-159C23DFF1C0}.Release|x64.Build.0 = Release|Any CPU
		{E1BDF948-29F3-41C7-B79E-159C23DFF1C0}.Release|x86.ActiveCfg = Release|Any CPU
		{E1BDF948-29F3-41C7-B79E-159C23DFF1C0}.Release|x86.Build.0 = Release|Any CPU
		{9590A4E3-C0AE-4430-B66B-1671A0F8B20E}.Debug|Any CPU.ActiveCfg = Debug|Any CPU
		{9590A4E3-C0AE-4430-B66B-1671A0F8B20E}.Debug|Any CPU.Build.0 = Debug|Any CPU
		{9590A4E3-C0AE-4430-B66B-1671A0F8B20E}.Debug|x64.ActiveCfg = Debug|Any CPU
		{9590A4E3-C0AE-4430-B66B-1671A0F8B20E}.Debug|x64.Build.0 = Debug|Any CPU
		{9590A4E3-C0AE-4430-B66B-1671A0F8B20E}.Debug|x86.ActiveCfg = Debug|Any CPU
		{9590A4E3-C0AE-4430-B66B-1671A0F8B20E}.Debug|x86.Build.0 = Debug|Any CPU
		{9590A4E3-C0AE-4430-B66B-1671A0F8B20E}.Release|Any CPU.ActiveCfg = Release|Any CPU
		{9590A4E3-C0AE-4430-B66B-1671A0F8B20E}.Release|Any CPU.Build.0 = Release|Any CPU
		{9590A4E3-C0AE-4430-B66B-1671A0F8B20E}.Release|x64.ActiveCfg = Release|Any CPU
		{9590A4E3-C0AE-4430-B66B-1671A0F8B20E}.Release|x64.Build.0 = Release|Any CPU
		{9590A4E3-C0AE-4430-B66B-1671A0F8B20E}.Release|x86.ActiveCfg = Release|Any CPU
		{9590A4E3-C0AE-4430-B66B-1671A0F8B20E}.Release|x86.Build.0 = Release|Any CPU
		{D3878ABC-72F5-4B23-84B7-7F4BD9EDB85A}.Debug|Any CPU.ActiveCfg = Debug|Any CPU
		{D3878ABC-72F5-4B23-84B7-7F4BD9EDB85A}.Debug|Any CPU.Build.0 = Debug|Any CPU
		{D3878ABC-72F5-4B23-84B7-7F4BD9EDB85A}.Debug|x64.ActiveCfg = Debug|Any CPU
		{D3878ABC-72F5-4B23-84B7-7F4BD9EDB85A}.Debug|x64.Build.0 = Debug|Any CPU
		{D3878ABC-72F5-4B23-84B7-7F4BD9EDB85A}.Debug|x86.ActiveCfg = Debug|Any CPU
		{D3878ABC-72F5-4B23-84B7-7F4BD9EDB85A}.Debug|x86.Build.0 = Debug|Any CPU
		{D3878ABC-72F5-4B23-84B7-7F4BD9EDB85A}.Release|Any CPU.ActiveCfg = Release|Any CPU
		{D3878ABC-72F5-4B23-84B7-7F4BD9EDB85A}.Release|Any CPU.Build.0 = Release|Any CPU
		{D3878ABC-72F5-4B23-84B7-7F4BD9EDB85A}.Release|x64.ActiveCfg = Release|Any CPU
		{D3878ABC-72F5-4B23-84B7-7F4BD9EDB85A}.Release|x64.Build.0 = Release|Any CPU
		{D3878ABC-72F5-4B23-84B7-7F4BD9EDB85A}.Release|x86.ActiveCfg = Release|Any CPU
		{D3878ABC-72F5-4B23-84B7-7F4BD9EDB85A}.Release|x86.Build.0 = Release|Any CPU
		{C79E4556-7915-479A-90ED-2CE1E79D42A0}.Debug|Any CPU.ActiveCfg = Debug|Any CPU
		{C79E4556-7915-479A-90ED-2CE1E79D42A0}.Debug|Any CPU.Build.0 = Debug|Any CPU
		{C79E4556-7915-479A-90ED-2CE1E79D42A0}.Debug|x64.ActiveCfg = Debug|Any CPU
		{C79E4556-7915-479A-90ED-2CE1E79D42A0}.Debug|x64.Build.0 = Debug|Any CPU
		{C79E4556-7915-479A-90ED-2CE1E79D42A0}.Debug|x86.ActiveCfg = Debug|Any CPU
		{C79E4556-7915-479A-90ED-2CE1E79D42A0}.Debug|x86.Build.0 = Debug|Any CPU
		{C79E4556-7915-479A-90ED-2CE1E79D42A0}.Release|Any CPU.ActiveCfg = Release|Any CPU
		{C79E4556-7915-479A-90ED-2CE1E79D42A0}.Release|Any CPU.Build.0 = Release|Any CPU
		{C79E4556-7915-479A-90ED-2CE1E79D42A0}.Release|x64.ActiveCfg = Release|Any CPU
		{C79E4556-7915-479A-90ED-2CE1E79D42A0}.Release|x64.Build.0 = Release|Any CPU
		{C79E4556-7915-479A-90ED-2CE1E79D42A0}.Release|x86.ActiveCfg = Release|Any CPU
		{C79E4556-7915-479A-90ED-2CE1E79D42A0}.Release|x86.Build.0 = Release|Any CPU
	EndGlobalSection
	GlobalSection(SolutionProperties) = preSolution
		HideSolutionNode = FALSE
	EndGlobalSection
	GlobalSection(NestedProjects) = preSolution
		{A0F2086D-2601-4747-830B-F42D85FF1467} = {827E0CD3-B72D-47B6-A68D-7590B98EB39B}
		{C27E1A58-6EE2-4553-99AD-B0C28FFEFFB6} = {827E0CD3-B72D-47B6-A68D-7590B98EB39B}
		{95EFCD19-13F2-44DE-9868-84819B461C20} = {827E0CD3-B72D-47B6-A68D-7590B98EB39B}
		{4E914DD1-6540-4458-B0E9-94C31F4962BE} = {827E0CD3-B72D-47B6-A68D-7590B98EB39B}
		{22C418CD-35C6-4063-90B1-BDFD6B3B5942} = {827E0CD3-B72D-47B6-A68D-7590B98EB39B}
		{E1BDF948-29F3-41C7-B79E-159C23DFF1C0} = {827E0CD3-B72D-47B6-A68D-7590B98EB39B}
		{9590A4E3-C0AE-4430-B66B-1671A0F8B20E} = {0AB3BF05-4346-4AA6-1389-037BE0695223}
		{D3878ABC-72F5-4B23-84B7-7F4BD9EDB85A} = {0AB3BF05-4346-4AA6-1389-037BE0695223}
		{C79E4556-7915-479A-90ED-2CE1E79D42A0} = {0AB3BF05-4346-4AA6-1389-037BE0695223}
	EndGlobalSection
EndGlobal
